
Microsoft Visual Studio Solution File, Format Version 12.00
# Visual Studio Version 17
VisualStudioVersion = 17.14.36414.22 d17.14
MinimumVisualStudioVersion = 10.0.40219.1
Project("{FAE04EC0-301F-11D3-BF4B-00C04F79EFBC}") = "CubePuzzleEditor", "CubePuzzleEditor\CubePuzzleEditor.csproj", "{93714E43-0A2A-4DC1-8BE5-9785F4D66EE9}"
EndProject
Project("{FAE04EC0-301F-11D3-BF4B-00C04F79EFBC}") = "CubePuzzleLib", "CubePuzzleLib\CubePuzzleLib.csproj", "{7F4C1650-B607-4B94-A8C0-AE8F6A1FC799}"
EndProject
Project("{D954291E-2A0B-460D-934E-DC6B0785DB48}") = "CubePuzzleLib.Shared", "CubePuzzleLib.Shared\CubePuzzleLib.Shared.shproj", "{6528CCAD-EF3D-4664-8A05-845ACB15E124}"
EndProject
Global
	GlobalSection(SolutionConfigurationPlatforms) = preSolution
		Debug|Any CPU = Debug|Any CPU
		Release|Any CPU = Release|Any CPU
	EndGlobalSection
	GlobalSection(ProjectConfigurationPlatforms) = postSolution
		{93714E43-0A2A-4DC1-8BE5-9785F4D66EE9}.Debug|Any CPU.ActiveCfg = Debug|Any CPU
		{93714E43-0A2A-4DC1-8BE5-9785F4D66EE9}.Debug|Any CPU.Build.0 = Debug|Any CPU
		{93714E43-0A2A-4DC1-8BE5-9785F4D66EE9}.Release|Any CPU.ActiveCfg = Release|Any CPU
		{93714E43-0A2A-4DC1-8BE5-9785F4D66EE9}.Release|Any CPU.Build.0 = Release|Any CPU
		{7F4C1650-B607-4B94-A8C0-AE8F6A1FC799}.Debug|Any CPU.ActiveCfg = Debug|Any CPU
		{7F4C1650-B607-4B94-A8C0-AE8F6A1FC799}.Debug|Any CPU.Build.0 = Debug|Any CPU
		{7F4C1650-B607-4B94-A8C0-AE8F6A1FC799}.Release|Any CPU.ActiveCfg = Release|Any CPU
		{7F4C1650-B607-4B94-A8C0-AE8F6A1FC799}.Release|Any CPU.Build.0 = Release|Any CPU
	EndGlobalSection
	GlobalSection(SolutionProperties) = preSolution
		HideSolutionNode = FALSE
	EndGlobalSection
	GlobalSection(ExtensibilityGlobals) = postSolution
		SolutionGuid = {67365147-70AD-46E2-B62F-98AEF751C054}
	EndGlobalSection
	GlobalSection(SharedMSBuildProjectFiles) = preSolution
		CubePuzzleLib.Shared\CubePuzzleLib.Shared.projitems*{6528ccad-ef3d-4664-8a05-845acb15e124}*SharedItemsImports = 13
	EndGlobalSection
EndGlobal
